version = 1
revision = 3
requires-python = ">=3.12"

[[package]]
name = "dearpygui"
version = "2.3.1"
source = { registry = "https://pypi.org/simple" }
wheels = [
    { url = "https://files.pythonhosted.org/packages/20/f1/6f30c7eafa25755105d0c26049a95c89cc5c82b68971e1cc8ffea36b748a/dearpygui-2.3.1-cp312-cp312-macosx_13_0_arm64.whl", hash = "sha256:6b1efd675a358176b3b76c039587a543d407d8fbb2cc3643a527e0ab7c0f5577", size = 2002717, upload-time = "2026-05-01T22:46:00.242Z" },
    { url = "https://files.pythonhosted.org/packages/cc/03/fa76c31087b6ebbc13948de6d9d3bc9ed9946824b13d9d1089356b54249c/dearpygui-2.3.1-cp312-cp312-manylinux1_x86_64.whl", hash = "sha256:364b5b6a0953999fec764d529d9bb0b2cc6ab6ed06188e0ded28237c1475ca98", size = 2678552, upload-time = "2026-05-01T22:46:07.502Z" },
    { url = "https://files.pythonhosted.org/packages/f2/ef/657ec68a79664cd28d98d590eed85103c6ffc1e23e7d3c4e5aedb7ee887d/dearpygui-2.3.1-cp312-cp312-manylinux2014_aarch64.whl", hash = "sha256:199dffebda245c9f59aa7c10c3b7f62963237c5f744150ad9be409b27a2661d3", size = 2501224, upload-time = "2026-05-01T22:46:18.8Z" },
    { url = "https://files.pythonhosted.org/packages/77/be/e67e5a04439f15e60cf596092a31b2a907272288954e47f5ced43c0b1678/dearpygui-2.3.1-cp312-cp312-win_amd64.whl", hash = "sha256:26ed9197cdb30099c665bd1b23724e0dba60ad06b71344ecca7e52748c21874b", size = 1882080, upload-time = "2026-05-01T22:45:49.366Z" },
    { url = "https://files.pythonhosted.org/packages/42/db/56a293ad392b8dafdd3eb1a0c4d367efbde99aa6930359685fe270984dd1/dearpygui-2.3.1-cp313-cp313-macosx_13_0_arm64.whl", hash = "sha256:d2d29e72b031886893b32269e1478eff1fd651512e6c2bceda91059c3bc8ee0e", size = 2002694, upload-time = "2026-05-01T22:46:01.425Z" },
    { url = "https://files.pythonhosted.org/packages/cc/e0/df598671f40a7fffb8390946115d9e9cf12d3f4a52f5b9381bddc5699aee/dearpygui-2.3.1-cp313-cp313-manylinux1_x86_64.whl", hash = "sha256:e3f64c8d4cae68a3b5be1b7531d08400ccbf1e4ff03c7acfc85954f98993f864", size = 2678564, upload-time = "2026-05-01T22:46:08.706Z" },
    { url = "https://files.pythonhosted.org/packages/d0/d1/87cfb577d4a1615e809e2f6e0fd720bd4ad6cd25e365ef2fd08a6e09c86e/dearpygui-2.3.1-cp313-cp313-manylinux2014_aarch64.whl", hash = "sha256:0d8b7a5a04cd4a6e25dbf162aa0405cf12143a1c82b33e371c20e5ba8d9349f3", size = 2503196, upload-time = "2026-05-01T22:46:20.276Z" },
    { url = "https://files.pythonhosted.org/packages/b3/38/05f74181a59353bdc927b6ec46333714f633c5755f3d4bcda34d6eb100a5/dearpygui-2.3.1-cp313-cp313-win_amd64.whl", hash = "sha256:7946722c50f1e08866dfdb78eb33dd4e67dea1a3cfe4400b159e1c96861116dc", size = 1882082, upload-time = "2026-05-01T22:45:50.915Z" },
    { url = "https://files.pythonhosted.org/packages/4a/08/68ce3ba941cf09bcf288f2603d7178c936d473172fd545e0665b885cb840/dearpygui-2.3.1-cp314-cp314-macosx_13_0_arm64.whl", hash = "sha256:e2cbabd8d383308ea3520360e100d1e95c9a957cd26247431cd4920b23c3b56e", size = 2003034, upload-time = "2026-05-01T22:46:02.736Z" },
    { url = "https://files.pythonhosted.org/packages/f3/3f/ac003b6d636c9f5aae910a62d00b6c119403212cf2d7772d7c59ca8ef6dd/dearpygui-2.3.1-cp314-cp314-manylinux1_x86_64.whl", hash = "sha256:953442c7272e57f3686e393edc5cf6ce73cc2f47142739735dfabed403e33770", size = 2678545, upload-time = "2026-05-01T22:46:10.181Z" },
    { url = "https://files.pythonhosted.org/packages/1a/6b/657a2f1e2f604f356c39ed5b870aaed5d07fdeac3139fae2a455473b64ca/dearpygui-2.3.1-cp314-cp314-manylinux2014_aarch64.whl", hash = "sha256:43a561b5dc589944a3a2b469e5e68f1ab35ae38b3dcdf1f813ed9d6e024153f8", size = 2501699, upload-time = "2026-05-01T22:46:21.497Z" },
    { url = "https://files.pythonhosted.org/packages/8c/56/93b2310891589063e0226cb07fe05e08fbdb3f409f80f9edefb1cebea84e/dearpygui-2.3.1-cp314-cp314-win_amd64.whl", hash = "sha256:272cc52c66bc5a4a332f13a3af5e603070d47ca7cc4976e6a8c247594e2b3dd0", size = 1943067, upload-time = "2026-05-01T22:45:52.255Z" },
]

[[package]]
name = "dpgbaseapp"
version = "0.1.0"
source = { editable = "." }
dependencies = [
    { name = "dearpygui" },
    { name = "rich" },
]

[package.metadata]
requires-dist = [
    { name = "dearpygui", specifier = ">=2.3.1" },
    { name = "rich", specifier = ">=15.0.0" },
]

[[package]]
name = "markdown-it-py"
version = "4.2.0"
source = { registry = "https://pypi.org/simple" }
dependencies = [
    { name = "mdurl" },
]
sdist = { url = "https://files.pythonhosted.org/packages/06/ff/7841249c247aa650a76b9ee4bbaeae59370dc8bfd2f6c01f3630c35eb134/markdown_it_py-4.2.0.tar.gz", hash = "sha256:04a21681d6fbb623de53f6f364d352309d4094dd4194040a10fd51833e418d49", size = 82454, upload-time = "2026-05-07T12:08:28.36Z" }
wheels = [
    { url = "https://files.pythonhosted.org/packages/b3/81/4da04ced5a082363ecfa159c010d200ecbd959ae410c10c0264a38cac0f5/markdown_it_py-4.2.0-py3-none-any.whl", hash = "sha256:9f7ebbcd14fe59494226453aed97c1070d83f8d24b6fc3a3bcf9a38092641c4a", size = 91687, upload-time = "2026-05-07T12:08:27.182Z" },
]

[[package]]
name = "mdurl"
version = "0.1.2"
source = { registry = "https://pypi.org/simple" }
sdist = { url = "https://files.pythonhosted.org/packages/d6/54/cfe61301667036ec958cb99bd3efefba235e65cdeb9c84d24a8293ba1d90/mdurl-0.1.2.tar.gz", hash = "sha256:bb413d29f5eea38f31dd4754dd7377d4465116fb207585f97bf925588687c1ba", size = 8729, upload-time = "2022-08-14T12:40:10.846Z" }
wheels = [
    { url = "https://files.pythonhosted.org/packages/b3/38/89ba8ad64ae25be8de66a6d463314cf1eb366222074cfda9ee839c56a4b4/mdurl-0.1.2-py3-none-any.whl", hash = "sha256:84008a41e51615a49fc9966191ff91509e3c40b939176e643fd50a5c2196b8f8", size = 9979, upload-time = "2022-08-14T12:40:09.779Z" },
]

[[package]]
name = "pygments"
version = "2.20.0"
source = { registry = "https://pypi.org/simple" }
sdist = { url = "https://files.pythonhosted.org/packages/c3/b2/bc9c9196916376152d655522fdcebac55e66de6603a76a02bca1b6414f6c/pygments-2.20.0.tar.gz", hash = "sha256:6757cd03768053ff99f3039c1a36d6c0aa0b263438fcab17520b30a303a82b5f", size = 4955991, upload-time = "2026-03-29T13:29:33.898Z" }
wheels = [
    { url = "https://files.pythonhosted.org/packages/f4/7e/a72dd26f3b0f4f2bf1dd8923c85f7ceb43172af56d63c7383eb62b332364/pygments-2.20.0-py3-none-any.whl", hash = "sha256:81a9e26dd42fd28a23a2d169d86d7ac03b46e2f8b59ed4698fb4785f946d0176", size = 1231151, upload-time = "2026-03-29T13:29:30.038Z" },
]

[[package]]
name = "rich"
version = "15.0.0"
source = { registry = "https://pypi.org/simple" }
dependencies = [
    { name = "markdown-it-py" },
    { name = "pygments" },
]
sdist = { url = "https://files.pythonhosted.org/packages/c0/8f/0722ca900cc807c13a6a0c696dacf35430f72e0ec571c4275d2371fca3e9/rich-15.0.0.tar.gz", hash = "sha256:edd07a4824c6b40189fb7ac9bc4c52536e9780fbbfbddf6f1e2502c31b068c36", size = 230680, upload-time = "2026-04-12T08:24:00.75Z" }
wheels = [
    { url = "https://files.pythonhosted.org/packages/82/3b/64d4899d73f91ba49a8c18a8ff3f0ea8f1c1d75481760df8c68ef5235bf5/rich-15.0.0-py3-none-any.whl", hash = "sha256:33bd4ef74232fb73fe9279a257718407f169c09b78a87ad3d296f548e27de0bb", size = 310654, upload-time = "2026-04-12T08:24:02.83Z" },
]
